
Microsoft Visual Studio Solution File, Format Version 12.00
# Visual Studio Version 17
VisualStudioVersion = 17.13.35931.197 d17.13
MinimumVisualStudioVersion = 10.0.40219.1
Project("{FAE04EC0-301F-11D3-BF4B-00C04F79EFBC}") = "FunStore", "FunStore\FunStore.csproj", "{86BBDFED-E1AB-4519-96D2-55EFC2A7BC0C}"
EndProject
Global
	GlobalSection(SolutionConfigurationPlatforms) = preSolution
		Debug|Any CPU = Debug|Any CPU
		Release|Any CPU = Release|Any CPU
	EndGlobalSection
	GlobalSection(ProjectConfigurationPlatforms) = postSolution
		{86BBDFED-E1AB-4519-96D2-55EFC2A7BC0C}.Debug|Any CPU.ActiveCfg = Debug|Any CPU
		{86BBDFED-E1AB-4519-96D2-55EFC2A7BC0C}.Debug|Any CPU.Build.0 = Debug|Any CPU
		{86BBDFED-E1AB-4519-96D2-55EFC2A7BC0C}.Release|Any CPU.ActiveCfg = Release|Any CPU
		{86BBDFED-E1AB-4519-96D2-55EFC2A7BC0C}.Release|Any CPU.Build.0 = Release|Any CPU
	EndGlobalSection
	GlobalSection(SolutionProperties) = preSolution
		HideSolutionNode = FALSE
	EndGlobalSection
	GlobalSection(ExtensibilityGlobals) = postSolution
		SolutionGuid = {AA72C8EE-7A8F-413D-A098-3D6AA38DD9AC}
	EndGlobalSection
EndGlobal
